
Microsoft Visual Studio Solution File, Format Version 11.00
# Visual Studio 2010
Project("{8BC9CEB8-8B4A-11D0-8D11-00A0C91BC942}") = "polymania", "polymania\polymania.vcxproj", "{0CD3F6D6-8887-4F89-8F28-74E6EF41C42C}"
	ProjectSection(ProjectDependencies) = postProject
		{DB4846D1-FD79-4D3A-9B8B-25D83D36C790} = {DB4846D1-FD79-4D3A-9B8B-25D83D36C790}
	EndProjectSection
EndProject
Project("{8BC9CEB8-8B4A-11D0-8D11-00A0C91BC942}") = "glfw3", "glfw\glfw.vcxproj", "{DB4846D1-FD79-4D3A-9B8B-25D83D36C790}"
EndProject
Global
	GlobalSection(SolutionConfigurationPlatforms) = preSolution
		Debug|Win32 = Debug|Win32
		Debug|x64 = Debug|x64
		Release|Win32 = Release|Win32
		Release|x64 = Release|x64
	EndGlobalSection
	GlobalSection(ProjectConfigurationPlatforms) = postSolution
		{0CD3F6D6-8887-4F89-8F28-74E6EF41C42C}.Debug|Win32.ActiveCfg = Debug|Win32
		{0CD3F6D6-8887-4F89-8F28-74E6EF41C42C}.Debug|Win32.Build.0 = Debug|Win32
		{0CD3F6D6-8887-4F89-8F28-74E6EF41C42C}.Debug|x64.ActiveCfg = Debug|x64
		{0CD3F6D6-8887-4F89-8F28-74E6EF41C42C}.Debug|x64.Build.0 = Debug|x64
		{0CD3F6D6-8887-4F89-8F28-74E6EF41C42C}.Release|Win32.ActiveCfg = Release|Win32
		{0CD3F6D6-8887-4F89-8F28-74E6EF41C42C}.Release|Win32.Build.0 = Release|Win32
		{0CD3F6D6-8887-4F89-8F28-74E6EF41C42C}.Release|x64.ActiveCfg = Release|x64
		{0CD3F6D6-8887-4F89-8F28-74E6EF41C42C}.Release|x64.Build.0 = Release|x64
		{DB4846D1-FD79-4D3A-9B8B-25D83D36C790}.Debug|Win32.ActiveCfg = Debug|Win32
		{DB4846D1-FD79-4D3A-9B8B-25D83D36C790}.Debug|Win32.Build.0 = Debug|Win32
		{DB4846D1-FD79-4D3A-9B8B-25D83D36C790}.Debug|x64.ActiveCfg = Debug|x64
		{DB4846D1-FD79-4D3A-9B8B-25D83D36C790}.Debug|x64.Build.0 = Debug|x64
		{DB4846D1-FD79-4D3A-9B8B-25D83D36C790}.Release|Win32.ActiveCfg = Release|Win32
		{DB4846D1-FD79-4D3A-9B8B-25D83D36C790}.Release|Win32.Build.0 = Release|Win32
		{DB4846D1-FD79-4D3A-9B8B-25D83D36C790}.Release|x64.ActiveCfg = Release|x64
		{DB4846D1-FD79-4D3A-9B8B-25D83D36C790}.Release|x64.Build.0 = Release|x64
	EndGlobalSection
	GlobalSection(SolutionProperties) = preSolution
		HideSolutionNode = FALSE
	EndGlobalSection
EndGlobal
