<?xml version="1.0" encoding="utf-8"?>
<Project ToolsVersion="4.0" xmlns="http://schemas.microsoft.com/developer/msbuild/2003">
  <ItemGroup>
    <Filter Include="Source Files">
      <UniqueIdentifier>{4FC737F1-C7A5-4376-A066-2A32D752A2FF}</UniqueIdentifier>
      <Extensions>cpp;c;cc;cxx;def;odl;idl;hpj;bat;asm;asmx</Extensions>
    </Filter>
    <Filter Include="Header Files">
      <UniqueIdentifier>{93995380-89BD-4b04-88EB-625FBE52EBFB}</UniqueIdentifier>
      <Extensions>h;hpp;hxx;hm;inl;inc;xsd</Extensions>
    </Filter>
    <Filter Include="Resource Files">
      <UniqueIdentifier>{67DA6AB6-F800-4c08-8B7A-83BB121AAD01}</UniqueIdentifier>
      <Extensions>rc;ico;cur;bmp;dlg;rc2;rct;bin;rgs;gif;jpg;jpeg;jpe;resx;tiff;tif;png;wav;mfcribbon-ms</Extensions>
    </Filter>
    <Filter Include="external">
      <UniqueIdentifier>{e31f0f3d-bef7-4e9a-a980-aa27c4316dff}</UniqueIdentifier>
    </Filter>
    <Filter Include="other">
      <UniqueIdentifier>{9568a4b8-0b40-4d98-ba51-2d1c80981b00}</UniqueIdentifier>
    </Filter>
    <Filter Include="other\header">
      <UniqueIdentifier>{8edac7d7-572c-4b3e-b629-87f3591d838d}</UniqueIdentifier>
      <Extensions>h;hpp;hxx;hm;inl;inc;xsd</Extensions>
    </Filter>
    <Filter Include="other\source">
      <UniqueIdentifier>{aee257d0-4117-48b4-98d8-4124c16cde58}</UniqueIdentifier>
      <Extensions>cpp;c;cc;cxx;def;odl;idl;hpj;bat;asm;asmx</Extensions>
    </Filter>
    <Filter Include="external\source">
      <UniqueIdentifier>{e5b3bee7-1910-4eb4-98a5-73f5b480c457}</UniqueIdentifier>
    </Filter>
  </ItemGroup>
  <ItemGroup>
    <ClCompile Include="main.cpp">
      <Filter>Source Files</Filter>
    </ClCompile>
    <ClCompile Include="shader.cpp">
      <Filter>Source Files</Filter>
    </ClCompile>
    <ClCompile Include="other\context_glfw.cpp">
      <Filter>other\source</Filter>
    </ClCompile>
    <ClCompile Include="other\controller_glfw.cpp">
      <Filter>other\source</Filter>
    </ClCompile>
    <ClCompile Include="other\timer_glfw.cpp">
      <Filter>other\source</Filter>
    </ClCompile>
    <ClCompile Include="object.cpp">
      <Filter>Source Files</Filter>
    </ClCompile>
    <ClCompile Include="registry.cpp">
      <Filter>Source Files</Filter>
    </ClCompile>
    <ClCompile Include="resource.cpp">
      <Filter>Source Files</Filter>
    </ClCompile>
    <ClCompile Include="..\external\source\glew.c">
      <Filter>external\source</Filter>
    </ClCompile>
  </ItemGroup>
  <ItemGroup>
    <ClInclude Include="shader.hpp">
      <Filter>Header Files</Filter>
    </ClInclude>
    <ClInclude Include="types.hpp">
      <Filter>Header Files</Filter>
    </ClInclude>
    <ClInclude Include="timer.hpp">
      <Filter>Header Files</Filter>
    </ClInclude>
    <ClInclude Include="controller.hpp">
      <Filter>Header Files</Filter>
    </ClInclude>
    <ClInclude Include="other\context_glfw.hpp">
      <Filter>other\header</Filter>
    </ClInclude>
    <ClInclude Include="other\controller_glfw.hpp">
      <Filter>other\header</Filter>
    </ClInclude>
    <ClInclude Include="other\timer_glfw.hpp">
      <Filter>other\header</Filter>
    </ClInclude>
    <ClInclude Include="context.hpp">
      <Filter>Header Files</Filter>
    </ClInclude>
    <ClInclude Include="object.hpp">
      <Filter>Header Files</Filter>
    </ClInclude>
    <ClInclude Include="resource.hpp">
      <Filter>Header Files</Filter>
    </ClInclude>
    <ClInclude Include="asyncmodel.hpp">
      <Filter>Header Files</Filter>
    </ClInclude>
  </ItemGroup>
</Project>